<?xml version="1.0" encoding="utf-8"?>
<Project ToolsVersion="4.0" xmlns="http://schemas.microsoft.com/developer/msbuild/2003">
  <ItemGroup>
    <Filter Include="Quelldateien">
      <UniqueIdentifier>{4FC737F1-C7A5-4376-A066-2A32D752A2FF}</UniqueIdentifier>
      <Extensions>cpp;c;cc;cxx;c++;cppm;ixx;def;odl;idl;hpj;bat;asm;asmx</Extensions>
    </Filter>
    <Filter Include="Headerdateien">
      <UniqueIdentifier>{93995380-89BD-4b04-88EB-625FBE52EBFB}</UniqueIdentifier>
      <Extensions>h;hh;hpp;hxx;h++;hm;inl;inc;ipp;xsd</Extensions>
    </Filter>
    <Filter Include="Ressourcendateien">
      <UniqueIdentifier>{67DA6AB6-F800-4c08-8B7A-83BB121AAD01}</UniqueIdentifier>
      <Extensions>rc;ico;cur;bmp;dlg;rc2;rct;bin;rgs;gif;jpg;jpeg;jpe;resx;tiff;tif;png;wav;mfcribbon-ms</Extensions>
    </Filter>
    <Filter Include="Headerdateien\imgui">
      <UniqueIdentifier>{17ee06e0-f2d3-49cc-958b-d7a8fa68f7ed}</UniqueIdentifier>
    </Filter>
    <Filter Include="Quelldateien\imgui">
      <UniqueIdentifier>{c2247ed3-d49f-4fb9-84a4-697422e36387}</UniqueIdentifier>
    </Filter>
    <Filter Include="Headerdateien\easywsclient">
      <UniqueIdentifier>{8c2001e3-ef0b-4fdf-adbe-0fec24fbed41}</UniqueIdentifier>
    </Filter>
    <Filter Include="Quelldateien\easywsclient">
      <UniqueIdentifier>{6a3f80e5-e6ef-4bbc-9d18-a298e7cf89e9}</UniqueIdentifier>
    </Filter>
  </ItemGroup>
  <ItemGroup>
    <ClInclude Include="arcdps_structs.h">
      <Filter>Headerdateien</Filter>
    </ClInclude>
    <ClInclude Include="imgui\imconfig.h">
      <Filter>Headerdateien\imgui</Filter>
    </ClInclude>
    <ClInclude Include="imgui\imgui.h">
      <Filter>Headerdateien\imgui</Filter>
    </ClInclude>
    <ClInclude Include="imgui\imgui_internal.h">
      <Filter>Headerdateien\imgui</Filter>
    </ClInclude>
    <ClInclude Include="imgui\stb_rect_pack.h">
      <Filter>Headerdateien\imgui</Filter>
    </ClInclude>
    <ClInclude Include="imgui\stb_textedit.h">
      <Filter>Headerdateien\imgui</Filter>
    </ClInclude>
    <ClInclude Include="imgui\stb_truetype.h">
      <Filter>Headerdateien\imgui</Filter>
    </ClInclude>
    <ClInclude Include="Settings.h">
      <Filter>Headerdateien</Filter>
    </ClInclude>
    <ClInclude Include="SettingsUI.h">
      <Filter>Headerdateien</Filter>
    </ClInclude>
    <ClInclude Include="parson.h">
      <Filter>Headerdateien</Filter>
    </ClInclude>
    <ClInclude Include="StreamLabs.h">
      <Filter>Headerdateien</Filter>
    </ClInclude>
    <ClInclude Include="easywsclient\easywsclient.hpp">
      <Filter>Headerdateien\easywsclient</Filter>
    </ClInclude>
  </ItemGroup>
  <ItemGroup>
    <ClCompile Include="dllmain.cpp">
      <Filter>Quelldateien</Filter>
    </ClCompile>
    <ClCompile Include="imgui\imgui.cpp">
      <Filter>Quelldateien\imgui</Filter>
    </ClCompile>
    <ClCompile Include="imgui\imgui_demo.cpp">
      <Filter>Quelldateien\imgui</Filter>
    </ClCompile>
    <ClCompile Include="imgui\imgui_draw.cpp">
      <Filter>Quelldateien\imgui</Filter>
    </ClCompile>
    <ClCompile Include="Settings.cpp">
      <Filter>Quelldateien</Filter>
    </ClCompile>
    <ClCompile Include="SettingsUI.cpp">
      <Filter>Quelldateien</Filter>
    </ClCompile>
    <ClCompile Include="parson.c">
      <Filter>Quelldateien</Filter>
    </ClCompile>
    <ClCompile Include="StreamLabs.cpp">
      <Filter>Quelldateien</Filter>
    </ClCompile>
    <ClCompile Include="easywsclient\easywsclient.cpp">
      <Filter>Quelldateien\easywsclient</Filter>
    </ClCompile>
  </ItemGroup>
</Project>